
Microsoft Visual Studio Solution File, Format Version 12.00
# Visual Studio 2013
VisualStudioVersion = 12.0.40629.0
MinimumVisualStudioVersion = 10.0.40219.1
Project("{FAE04EC0-301F-11D3-BF4B-00C04F79EFBC}") = "Caj.Ejemplo.Web", "Caj.Ejemplo.Web\Caj.Ejemplo.Web.csproj", "{176B573A-82B1-419F-A4A5-E7E0EE6C7D2B}"
EndProject
Project("{FAE04EC0-301F-11D3-BF4B-00C04F79EFBC}") = "Caj.Ejemplo.Web.Model", "Caj.Ejemplo.Web.Model\Caj.Ejemplo.Web.Model.csproj", "{E58EAE85-0132-4796-8742-1DE3FAC481BE}"
EndProject
Project("{FAE04EC0-301F-11D3-BF4B-00C04F79EFBC}") = "Caj.Ejemplo.Web.Datos", "Caj.Ejemplo.Web.Datos\Caj.Ejemplo.Web.Datos.csproj", "{9735EA50-4A11-413F-A781-1010829324C4}"
EndProject
Project("{FAE04EC0-301F-11D3-BF4B-00C04F79EFBC}") = "Caj.Ejemplo.Web.Controllers", "Caj.Ejemplo.Web.Controllers\Caj.Ejemplo.Web.Controllers.csproj", "{911C2B04-5B32-4FC6-BD91-769DEF3C66FF}"
EndProject
Global
	GlobalSection(SolutionConfigurationPlatforms) = preSolution
		Debug|Any CPU = Debug|Any CPU
		Release|Any CPU = Release|Any CPU
	EndGlobalSection
	GlobalSection(ProjectConfigurationPlatforms) = postSolution
		{176B573A-82B1-419F-A4A5-E7E0EE6C7D2B}.Debug|Any CPU.ActiveCfg = Debug|Any CPU
		{176B573A-82B1-419F-A4A5-E7E0EE6C7D2B}.Debug|Any CPU.Build.0 = Debug|Any CPU
		{176B573A-82B1-419F-A4A5-E7E0EE6C7D2B}.Release|Any CPU.ActiveCfg = Release|Any CPU
		{176B573A-82B1-419F-A4A5-E7E0EE6C7D2B}.Release|Any CPU.Build.0 = Release|Any CPU
		{E58EAE85-0132-4796-8742-1DE3FAC481BE}.Debug|Any CPU.ActiveCfg = Debug|Any CPU
		{E58EAE85-0132-4796-8742-1DE3FAC481BE}.Debug|Any CPU.Build.0 = Debug|Any CPU
		{E58EAE85-0132-4796-8742-1DE3FAC481BE}.Release|Any CPU.ActiveCfg = Release|Any CPU
		{E58EAE85-0132-4796-8742-1DE3FAC481BE}.Release|Any CPU.Build.0 = Release|Any CPU
		{9735EA50-4A11-413F-A781-1010829324C4}.Debug|Any CPU.ActiveCfg = Debug|Any CPU
		{9735EA50-4A11-413F-A781-1010829324C4}.Debug|Any CPU.Build.0 = Debug|Any CPU
		{9735EA50-4A11-413F-A781-1010829324C4}.Release|Any CPU.ActiveCfg = Release|Any CPU
		{9735EA50-4A11-413F-A781-1010829324C4}.Release|Any CPU.Build.0 = Release|Any CPU
		{911C2B04-5B32-4FC6-BD91-769DEF3C66FF}.Debug|Any CPU.ActiveCfg = Debug|Any CPU
		{911C2B04-5B32-4FC6-BD91-769DEF3C66FF}.Debug|Any CPU.Build.0 = Debug|Any CPU
		{911C2B04-5B32-4FC6-BD91-769DEF3C66FF}.Release|Any CPU.ActiveCfg = Release|Any CPU
		{911C2B04-5B32-4FC6-BD91-769DEF3C66FF}.Release|Any CPU.Build.0 = Release|Any CPU
	EndGlobalSection
	GlobalSection(SolutionProperties) = preSolution
		HideSolutionNode = FALSE
	EndGlobalSection
EndGlobal
